
Microsoft Visual Studio Solution File, Format Version 12.00
# Visual Studio Version 17
VisualStudioVersion = 17.0.31903.59
MinimumVisualStudioVersion = 10.0.40219.1
Project("{2150E333-8FDC-42A3-9474-1A3956D46DE8}") = "DevOpsTools", "DevOpsTools", "{8C9BD804-2946-4FE8-92C2-E987DBF24751}"
EndProject
Project("{9A19103F-16F7-4668-BE54-9A1E7A4F7556}") = "devOpsTool", "devOpsTool\devOpsTool.csproj", "{B73A3EAC-0457-494A-A01E-F6575ECDE7E6}"
EndProject
Project("{2150E333-8FDC-42A3-9474-1A3956D46DE8}") = "Skillset", "Skillset", "{CFCA8A5A-1A5E-4734-B4C4-472E70E0B25E}"
	ProjectSection(SolutionItems) = preProject
		function.http = function.http
	EndProjectSection
EndProject
Project("{FAE04EC0-301F-11D3-BF4B-00C04F79EFBC}") = "FunctionSkillset", "Skillset\FunctionSkillset\FunctionSkillset.csproj", "{E97D56DE-631A-4884-B57C-45284B603573}"
EndProject
Global
	GlobalSection(SolutionConfigurationPlatforms) = preSolution
		Debug|Any CPU = Debug|Any CPU
		Release|Any CPU = Release|Any CPU
	EndGlobalSection
	GlobalSection(ProjectConfigurationPlatforms) = postSolution
		{B73A3EAC-0457-494A-A01E-F6575ECDE7E6}.Debug|Any CPU.ActiveCfg = Debug|Any CPU
		{B73A3EAC-0457-494A-A01E-F6575ECDE7E6}.Debug|Any CPU.Build.0 = Debug|Any CPU
		{B73A3EAC-0457-494A-A01E-F6575ECDE7E6}.Release|Any CPU.ActiveCfg = Release|Any CPU
		{B73A3EAC-0457-494A-A01E-F6575ECDE7E6}.Release|Any CPU.Build.0 = Release|Any CPU
		{E97D56DE-631A-4884-B57C-45284B603573}.Debug|Any CPU.ActiveCfg = Debug|Any CPU
		{E97D56DE-631A-4884-B57C-45284B603573}.Debug|Any CPU.Build.0 = Debug|Any CPU
		{E97D56DE-631A-4884-B57C-45284B603573}.Release|Any CPU.ActiveCfg = Release|Any CPU
		{E97D56DE-631A-4884-B57C-45284B603573}.Release|Any CPU.Build.0 = Release|Any CPU
	EndGlobalSection
	GlobalSection(SolutionProperties) = preSolution
		HideSolutionNode = FALSE
	EndGlobalSection
	GlobalSection(NestedProjects) = preSolution
		{B73A3EAC-0457-494A-A01E-F6575ECDE7E6} = {8C9BD804-2946-4FE8-92C2-E987DBF24751}
		{E97D56DE-631A-4884-B57C-45284B603573} = {CFCA8A5A-1A5E-4734-B4C4-472E70E0B25E}
	EndGlobalSection
	GlobalSection(ExtensibilityGlobals) = postSolution
		SolutionGuid = {660D51D6-FC3F-4C7A-A4E5-A148394C263A}
	EndGlobalSection
EndGlobal
